
Microsoft Visual Studio Solution File, Format Version 12.00
# Visual Studio Version 16
VisualStudioVersion = 16.0.30001.183
MinimumVisualStudioVersion = 10.0.40219.1
Project("{2150E333-8FDC-42A3-9474-1A3956D46DE8}") = "Standard Toolkit", "Standard Toolkit", "{A840B487-B1C7-4D28-BF16-06D48292AA52}"
EndProject
Project("{2150E333-8FDC-42A3-9474-1A3956D46DE8}") = "Full Documentation", "Full Documentation", "{2EA64065-6DBB-4E4A-9CDE-6EE8C086AD5E}"
EndProject
Project("{7CF6DF6D-3B04-46F8-A40B-537D21BCA0B4}") = "Full Toolkit Documentation", "Standard Toolkit\Full Documentation\Full Toolkit Documentation\Full Toolkit Documentation.shfbproj", "{D115C80C-1E08-4E93-B8CC-4A0B56D0305C}"
EndProject
Project("{2150E333-8FDC-42A3-9474-1A3956D46DE8}") = "Modules", "Modules", "{8FB97150-90EF-4C30-AB20-05F3272F895D}"
EndProject
Project("{2150E333-8FDC-42A3-9474-1A3956D46DE8}") = "Docking", "Docking", "{F8FAF4C9-F7C0-4BED-8C00-4786E92D6C9C}"
EndProject
Project("{7CF6DF6D-3B04-46F8-A40B-537D21BCA0B4}") = "Docking Documentation", "Modules\Docking\Docking Documentation\Docking Documentation.shfbproj", "{C2D15DB9-F3DA-404F-9BB9-70252A7B030E}"
EndProject
Project("{2150E333-8FDC-42A3-9474-1A3956D46DE8}") = "Navigator", "Navigator", "{94B739D7-C464-47CA-AB07-67F02BD6D1D0}"
EndProject
Project("{7CF6DF6D-3B04-46F8-A40B-537D21BCA0B4}") = "Navigator Documentation", "Modules\Navigator\Navigator Documentation\Navigator Documentation.shfbproj", "{9BE51E76-4DFD-415D-AFDF-B2BA8E580C85}"
EndProject
Project("{2150E333-8FDC-42A3-9474-1A3956D46DE8}") = "Ribbon", "Ribbon", "{F07E8FC4-7541-4995-AC9A-50687DFEEBEB}"
EndProject
Project("{7CF6DF6D-3B04-46F8-A40B-537D21BCA0B4}") = "Ribbon Documentation", "Modules\Ribbon\Ribbon Documentation\Ribbon Documentation.shfbproj", "{77158CA7-3904-4E4F-8D34-206A14CD8B13}"
EndProject
Project("{2150E333-8FDC-42A3-9474-1A3956D46DE8}") = "Toolkit", "Toolkit", "{BA9B583B-E0EF-4AA4-90E7-F36A5C76C8E5}"
EndProject
Project("{7CF6DF6D-3B04-46F8-A40B-537D21BCA0B4}") = "Toolkit Documentation", "Modules\Toolkit\Toolkit Documentation\Toolkit Documentation.shfbproj", "{3DF2EF02-8AD7-49F5-9C9F-D46688279332}"
EndProject
Project("{2150E333-8FDC-42A3-9474-1A3956D46DE8}") = "Workspace", "Workspace", "{933A3BF6-9BCB-426E-8979-D8E0805AB559}"
EndProject
Project("{7CF6DF6D-3B04-46F8-A40B-537D21BCA0B4}") = "Workspace", "Modules\Workspace\Workspace\Workspace.shfbproj", "{A40E648D-1468-4B81-AB85-9612B9052CEE}"
EndProject
Global
	GlobalSection(SolutionConfigurationPlatforms) = preSolution
		Debug|Any CPU = Debug|Any CPU
		Release|Any CPU = Release|Any CPU
	EndGlobalSection
	GlobalSection(ProjectConfigurationPlatforms) = postSolution
		{D115C80C-1E08-4E93-B8CC-4A0B56D0305C}.Debug|Any CPU.ActiveCfg = Debug|Any CPU
		{D115C80C-1E08-4E93-B8CC-4A0B56D0305C}.Debug|Any CPU.Build.0 = Debug|Any CPU
		{D115C80C-1E08-4E93-B8CC-4A0B56D0305C}.Release|Any CPU.ActiveCfg = Release|Any CPU
		{D115C80C-1E08-4E93-B8CC-4A0B56D0305C}.Release|Any CPU.Build.0 = Release|Any CPU
		{C2D15DB9-F3DA-404F-9BB9-70252A7B030E}.Debug|Any CPU.ActiveCfg = Debug|Any CPU
		{C2D15DB9-F3DA-404F-9BB9-70252A7B030E}.Debug|Any CPU.Build.0 = Debug|Any CPU
		{C2D15DB9-F3DA-404F-9BB9-70252A7B030E}.Release|Any CPU.ActiveCfg = Release|Any CPU
		{C2D15DB9-F3DA-404F-9BB9-70252A7B030E}.Release|Any CPU.Build.0 = Release|Any CPU
		{9BE51E76-4DFD-415D-AFDF-B2BA8E580C85}.Debug|Any CPU.ActiveCfg = Debug|Any CPU
		{9BE51E76-4DFD-415D-AFDF-B2BA8E580C85}.Debug|Any CPU.Build.0 = Debug|Any CPU
		{9BE51E76-4DFD-415D-AFDF-B2BA8E580C85}.Release|Any CPU.ActiveCfg = Release|Any CPU
		{9BE51E76-4DFD-415D-AFDF-B2BA8E580C85}.Release|Any CPU.Build.0 = Release|Any CPU
		{77158CA7-3904-4E4F-8D34-206A14CD8B13}.Debug|Any CPU.ActiveCfg = Debug|Any CPU
		{77158CA7-3904-4E4F-8D34-206A14CD8B13}.Debug|Any CPU.Build.0 = Debug|Any CPU
		{77158CA7-3904-4E4F-8D34-206A14CD8B13}.Release|Any CPU.ActiveCfg = Release|Any CPU
		{77158CA7-3904-4E4F-8D34-206A14CD8B13}.Release|Any CPU.Build.0 = Release|Any CPU
		{3DF2EF02-8AD7-49F5-9C9F-D46688279332}.Debug|Any CPU.ActiveCfg = Debug|Any CPU
		{3DF2EF02-8AD7-49F5-9C9F-D46688279332}.Debug|Any CPU.Build.0 = Debug|Any CPU
		{3DF2EF02-8AD7-49F5-9C9F-D46688279332}.Release|Any CPU.ActiveCfg = Release|Any CPU
		{3DF2EF02-8AD7-49F5-9C9F-D46688279332}.Release|Any CPU.Build.0 = Release|Any CPU
		{A40E648D-1468-4B81-AB85-9612B9052CEE}.Debug|Any CPU.ActiveCfg = Debug|Any CPU
		{A40E648D-1468-4B81-AB85-9612B9052CEE}.Debug|Any CPU.Build.0 = Debug|Any CPU
		{A40E648D-1468-4B81-AB85-9612B9052CEE}.Release|Any CPU.ActiveCfg = Release|Any CPU
		{A40E648D-1468-4B81-AB85-9612B9052CEE}.Release|Any CPU.Build.0 = Release|Any CPU
	EndGlobalSection
	GlobalSection(SolutionProperties) = preSolution
		HideSolutionNode = FALSE
	EndGlobalSection
	GlobalSection(NestedProjects) = preSolution
		{2EA64065-6DBB-4E4A-9CDE-6EE8C086AD5E} = {A840B487-B1C7-4D28-BF16-06D48292AA52}
		{D115C80C-1E08-4E93-B8CC-4A0B56D0305C} = {2EA64065-6DBB-4E4A-9CDE-6EE8C086AD5E}
		{8FB97150-90EF-4C30-AB20-05F3272F895D} = {A840B487-B1C7-4D28-BF16-06D48292AA52}
		{F8FAF4C9-F7C0-4BED-8C00-4786E92D6C9C} = {8FB97150-90EF-4C30-AB20-05F3272F895D}
		{C2D15DB9-F3DA-404F-9BB9-70252A7B030E} = {F8FAF4C9-F7C0-4BED-8C00-4786E92D6C9C}
		{94B739D7-C464-47CA-AB07-67F02BD6D1D0} = {8FB97150-90EF-4C30-AB20-05F3272F895D}
		{9BE51E76-4DFD-415D-AFDF-B2BA8E580C85} = {94B739D7-C464-47CA-AB07-67F02BD6D1D0}
		{F07E8FC4-7541-4995-AC9A-50687DFEEBEB} = {8FB97150-90EF-4C30-AB20-05F3272F895D}
		{77158CA7-3904-4E4F-8D34-206A14CD8B13} = {F07E8FC4-7541-4995-AC9A-50687DFEEBEB}
		{BA9B583B-E0EF-4AA4-90E7-F36A5C76C8E5} = {8FB97150-90EF-4C30-AB20-05F3272F895D}
		{3DF2EF02-8AD7-49F5-9C9F-D46688279332} = {BA9B583B-E0EF-4AA4-90E7-F36A5C76C8E5}
		{933A3BF6-9BCB-426E-8979-D8E0805AB559} = {8FB97150-90EF-4C30-AB20-05F3272F895D}
		{A40E648D-1468-4B81-AB85-9612B9052CEE} = {933A3BF6-9BCB-426E-8979-D8E0805AB559}
	EndGlobalSection
	GlobalSection(ExtensibilityGlobals) = postSolution
		SolutionGuid = {8C3139BA-C40D-4D58-82CA-F4077D76E741}
	EndGlobalSection
EndGlobal
